{
  "name": "jimp-language",
  "version": "0.1.0",
  "lockfileVersion": 3,
  "requires": true,
  "packages": {
    "": {
      "name": "jimp-language",
      "version": "0.1.0",
      "license": "MIT",
      "bin": {
        "jimp": "bin/jimp.js"
      },
      "engines": {
        "node": ">=20"
      }
    }
  }
}
